
Microsoft Visual Studio Solution File, Format Version 12.00
# Visual Studio Version 16
VisualStudioVersion = 16.0.32106.194
MinimumVisualStudioVersion = 10.0.40219.1
Project("{FAE04EC0-301F-11D3-BF4B-00C04F79EFBC}") = "Interpolacao", "Interpolacao\Interpolacao.csproj", "{1D6F9E9E-DA56-4C8C-8338-A798BE2E6E72}"
EndProject
Global
	GlobalSection(SolutionConfigurationPlatforms) = preSolution
		Debug|Any CPU = Debug|Any CPU
		Release|Any CPU = Release|Any CPU
	EndGlobalSection
	GlobalSection(ProjectConfigurationPlatforms) = postSolution
		{1D6F9E9E-DA56-4C8C-8338-A798BE2E6E72}.Debug|Any CPU.ActiveCfg = Debug|Any CPU
		{1D6F9E9E-DA56-4C8C-8338-A798BE2E6E72}.Debug|Any CPU.Build.0 = Debug|Any CPU
		{1D6F9E9E-DA56-4C8C-8338-A798BE2E6E72}.Release|Any CPU.ActiveCfg = Release|Any CPU
		{1D6F9E9E-DA56-4C8C-8338-A798BE2E6E72}.Release|Any CPU.Build.0 = Release|Any CPU
	EndGlobalSection
	GlobalSection(SolutionProperties) = preSolution
		HideSolutionNode = FALSE
	EndGlobalSection
	GlobalSection(ExtensibilityGlobals) = postSolution
		SolutionGuid = {CC49CC77-9C73-48BA-9CB7-545EDCE29121}
	EndGlobalSection
EndGlobal
