
Microsoft Visual Studio Solution File, Format Version 12.00
# Visual Studio Version 16
VisualStudioVersion = 16.0.32106.194
MinimumVisualStudioVersion = 10.0.40219.1
Project("{FAE04EC0-301F-11D3-BF4B-00C04F79EFBC}") = "Exercicio3", "Exercicio3\Exercicio3.csproj", "{F97E8716-3CC3-4056-B843-2428226C6EA1}"
EndProject
Global
	GlobalSection(SolutionConfigurationPlatforms) = preSolution
		Debug|Any CPU = Debug|Any CPU
		Release|Any CPU = Release|Any CPU
	EndGlobalSection
	GlobalSection(ProjectConfigurationPlatforms) = postSolution
		{F97E8716-3CC3-4056-B843-2428226C6EA1}.Debug|Any CPU.ActiveCfg = Debug|Any CPU
		{F97E8716-3CC3-4056-B843-2428226C6EA1}.Debug|Any CPU.Build.0 = Debug|Any CPU
		{F97E8716-3CC3-4056-B843-2428226C6EA1}.Release|Any CPU.ActiveCfg = Release|Any CPU
		{F97E8716-3CC3-4056-B843-2428226C6EA1}.Release|Any CPU.Build.0 = Release|Any CPU
	EndGlobalSection
	GlobalSection(SolutionProperties) = preSolution
		HideSolutionNode = FALSE
	EndGlobalSection
	GlobalSection(ExtensibilityGlobals) = postSolution
		SolutionGuid = {B8C44E0C-BB52-42C7-810C-C5248287B0E8}
	EndGlobalSection
EndGlobal
