
Microsoft Visual Studio Solution File, Format Version 12.00
# Visual Studio Version 16
VisualStudioVersion = 16.0.32106.194
MinimumVisualStudioVersion = 10.0.40219.1
Project("{FAE04EC0-301F-11D3-BF4B-00C04F79EFBC}") = "ConversaoImplicitaECasting", "ConversaoImplicitaECasting\ConversaoImplicitaECasting.csproj", "{40687615-23D5-4514-9D94-F88D9331B1A5}"
EndProject
Global
	GlobalSection(SolutionConfigurationPlatforms) = preSolution
		Debug|Any CPU = Debug|Any CPU
		Release|Any CPU = Release|Any CPU
	EndGlobalSection
	GlobalSection(ProjectConfigurationPlatforms) = postSolution
		{40687615-23D5-4514-9D94-F88D9331B1A5}.Debug|Any CPU.ActiveCfg = Debug|Any CPU
		{40687615-23D5-4514-9D94-F88D9331B1A5}.Debug|Any CPU.Build.0 = Debug|Any CPU
		{40687615-23D5-4514-9D94-F88D9331B1A5}.Release|Any CPU.ActiveCfg = Release|Any CPU
		{40687615-23D5-4514-9D94-F88D9331B1A5}.Release|Any CPU.Build.0 = Release|Any CPU
	EndGlobalSection
	GlobalSection(SolutionProperties) = preSolution
		HideSolutionNode = FALSE
	EndGlobalSection
	GlobalSection(ExtensibilityGlobals) = postSolution
		SolutionGuid = {8071793E-686B-4D9A-81D1-4A64A201C09C}
	EndGlobalSection
EndGlobal
