
Microsoft Visual Studio Solution File, Format Version 12.00
# Visual Studio Version 16
VisualStudioVersion = 16.0.32106.194
MinimumVisualStudioVersion = 10.0.40219.1
Project("{FAE04EC0-301F-11D3-BF4B-00C04F79EFBC}") = "Exercicio5", "Exercicio5\Exercicio5.csproj", "{BEDDC65C-AFB9-4A17-B8A8-A9300ADA79DB}"
EndProject
Global
	GlobalSection(SolutionConfigurationPlatforms) = preSolution
		Debug|Any CPU = Debug|Any CPU
		Release|Any CPU = Release|Any CPU
	EndGlobalSection
	GlobalSection(ProjectConfigurationPlatforms) = postSolution
		{BEDDC65C-AFB9-4A17-B8A8-A9300ADA79DB}.Debug|Any CPU.ActiveCfg = Debug|Any CPU
		{BEDDC65C-AFB9-4A17-B8A8-A9300ADA79DB}.Debug|Any CPU.Build.0 = Debug|Any CPU
		{BEDDC65C-AFB9-4A17-B8A8-A9300ADA79DB}.Release|Any CPU.ActiveCfg = Release|Any CPU
		{BEDDC65C-AFB9-4A17-B8A8-A9300ADA79DB}.Release|Any CPU.Build.0 = Release|Any CPU
	EndGlobalSection
	GlobalSection(SolutionProperties) = preSolution
		HideSolutionNode = FALSE
	EndGlobalSection
	GlobalSection(ExtensibilityGlobals) = postSolution
		SolutionGuid = {AB0A835B-CE11-4E5D-9667-C91D393FB8C8}
	EndGlobalSection
EndGlobal
