
Microsoft Visual Studio Solution File, Format Version 12.00
# Visual Studio Version 16
VisualStudioVersion = 16.0.32106.194
MinimumVisualStudioVersion = 10.0.40219.1
Project("{FAE04EC0-301F-11D3-BF4B-00C04F79EFBC}") = "Exercicio2", "Exercicio2\Exercicio2.csproj", "{70EF1079-DC53-4AF3-9BF3-DF33ED440926}"
EndProject
Global
	GlobalSection(SolutionConfigurationPlatforms) = preSolution
		Debug|Any CPU = Debug|Any CPU
		Release|Any CPU = Release|Any CPU
	EndGlobalSection
	GlobalSection(ProjectConfigurationPlatforms) = postSolution
		{70EF1079-DC53-4AF3-9BF3-DF33ED440926}.Debug|Any CPU.ActiveCfg = Debug|Any CPU
		{70EF1079-DC53-4AF3-9BF3-DF33ED440926}.Debug|Any CPU.Build.0 = Debug|Any CPU
		{70EF1079-DC53-4AF3-9BF3-DF33ED440926}.Release|Any CPU.ActiveCfg = Release|Any CPU
		{70EF1079-DC53-4AF3-9BF3-DF33ED440926}.Release|Any CPU.Build.0 = Release|Any CPU
	EndGlobalSection
	GlobalSection(SolutionProperties) = preSolution
		HideSolutionNode = FALSE
	EndGlobalSection
	GlobalSection(ExtensibilityGlobals) = postSolution
		SolutionGuid = {6E8348A9-F8DB-4D28-BD9E-BEDADA630301}
	EndGlobalSection
EndGlobal
