
Microsoft Visual Studio Solution File, Format Version 12.00
# Visual Studio Version 16
VisualStudioVersion = 16.0.32106.194
MinimumVisualStudioVersion = 10.0.40219.1
Project("{FAE04EC0-301F-11D3-BF4B-00C04F79EFBC}") = "EntradaDeDadosP1", "EntradaDeDadosP1\EntradaDeDadosP1.csproj", "{45AD850F-3049-44D1-9AA2-64B0E894F943}"
EndProject
Global
	GlobalSection(SolutionConfigurationPlatforms) = preSolution
		Debug|Any CPU = Debug|Any CPU
		Release|Any CPU = Release|Any CPU
	EndGlobalSection
	GlobalSection(ProjectConfigurationPlatforms) = postSolution
		{45AD850F-3049-44D1-9AA2-64B0E894F943}.Debug|Any CPU.ActiveCfg = Debug|Any CPU
		{45AD850F-3049-44D1-9AA2-64B0E894F943}.Debug|Any CPU.Build.0 = Debug|Any CPU
		{45AD850F-3049-44D1-9AA2-64B0E894F943}.Release|Any CPU.ActiveCfg = Release|Any CPU
		{45AD850F-3049-44D1-9AA2-64B0E894F943}.Release|Any CPU.Build.0 = Release|Any CPU
	EndGlobalSection
	GlobalSection(SolutionProperties) = preSolution
		HideSolutionNode = FALSE
	EndGlobalSection
	GlobalSection(ExtensibilityGlobals) = postSolution
		SolutionGuid = {5BF70C94-DB3D-41FD-87F8-E91D370C56F1}
	EndGlobalSection
EndGlobal
