
Microsoft Visual Studio Solution File, Format Version 12.00
# Visual Studio Version 16
VisualStudioVersion = 16.0.32106.194
MinimumVisualStudioVersion = 10.0.40219.1
Project("{FAE04EC0-301F-11D3-BF4B-00C04F79EFBC}") = "Exercicio1", "Exercicio1\Exercicio1.csproj", "{044A1A47-F58E-411B-8A19-BF939B0540CF}"
EndProject
Global
	GlobalSection(SolutionConfigurationPlatforms) = preSolution
		Debug|Any CPU = Debug|Any CPU
		Release|Any CPU = Release|Any CPU
	EndGlobalSection
	GlobalSection(ProjectConfigurationPlatforms) = postSolution
		{044A1A47-F58E-411B-8A19-BF939B0540CF}.Debug|Any CPU.ActiveCfg = Debug|Any CPU
		{044A1A47-F58E-411B-8A19-BF939B0540CF}.Debug|Any CPU.Build.0 = Debug|Any CPU
		{044A1A47-F58E-411B-8A19-BF939B0540CF}.Release|Any CPU.ActiveCfg = Release|Any CPU
		{044A1A47-F58E-411B-8A19-BF939B0540CF}.Release|Any CPU.Build.0 = Release|Any CPU
	EndGlobalSection
	GlobalSection(SolutionProperties) = preSolution
		HideSolutionNode = FALSE
	EndGlobalSection
	GlobalSection(ExtensibilityGlobals) = postSolution
		SolutionGuid = {D666DCEC-F91C-4026-B63F-88211C3A2586}
	EndGlobalSection
EndGlobal
