
Microsoft Visual Studio Solution File, Format Version 12.00
# Visual Studio Version 16
VisualStudioVersion = 16.0.32106.194
MinimumVisualStudioVersion = 10.0.40219.1
Project("{FAE04EC0-301F-11D3-BF4B-00C04F79EFBC}") = "EntradaDeDadosP2", "EntradaDeDadosP2\EntradaDeDadosP2.csproj", "{F8B56F2A-D4F4-4297-8A2C-7FEAD506CEA9}"
EndProject
Global
	GlobalSection(SolutionConfigurationPlatforms) = preSolution
		Debug|Any CPU = Debug|Any CPU
		Release|Any CPU = Release|Any CPU
	EndGlobalSection
	GlobalSection(ProjectConfigurationPlatforms) = postSolution
		{F8B56F2A-D4F4-4297-8A2C-7FEAD506CEA9}.Debug|Any CPU.ActiveCfg = Debug|Any CPU
		{F8B56F2A-D4F4-4297-8A2C-7FEAD506CEA9}.Debug|Any CPU.Build.0 = Debug|Any CPU
		{F8B56F2A-D4F4-4297-8A2C-7FEAD506CEA9}.Release|Any CPU.ActiveCfg = Release|Any CPU
		{F8B56F2A-D4F4-4297-8A2C-7FEAD506CEA9}.Release|Any CPU.Build.0 = Release|Any CPU
	EndGlobalSection
	GlobalSection(SolutionProperties) = preSolution
		HideSolutionNode = FALSE
	EndGlobalSection
	GlobalSection(ExtensibilityGlobals) = postSolution
		SolutionGuid = {90DDDADD-E811-429F-8B75-6BF2B7B53B4D}
	EndGlobalSection
EndGlobal
