
Microsoft Visual Studio Solution File, Format Version 12.00
# Visual Studio Version 16
VisualStudioVersion = 16.0.32106.194
MinimumVisualStudioVersion = 10.0.40219.1
Project("{FAE04EC0-301F-11D3-BF4B-00C04F79EFBC}") = "ExercicioFixacao1", "ExercicioFixacao1\ExercicioFixacao1.csproj", "{F72615C1-5030-49DE-A77C-7267EF44A3FE}"
EndProject
Global
	GlobalSection(SolutionConfigurationPlatforms) = preSolution
		Debug|Any CPU = Debug|Any CPU
		Release|Any CPU = Release|Any CPU
	EndGlobalSection
	GlobalSection(ProjectConfigurationPlatforms) = postSolution
		{F72615C1-5030-49DE-A77C-7267EF44A3FE}.Debug|Any CPU.ActiveCfg = Debug|Any CPU
		{F72615C1-5030-49DE-A77C-7267EF44A3FE}.Debug|Any CPU.Build.0 = Debug|Any CPU
		{F72615C1-5030-49DE-A77C-7267EF44A3FE}.Release|Any CPU.ActiveCfg = Release|Any CPU
		{F72615C1-5030-49DE-A77C-7267EF44A3FE}.Release|Any CPU.Build.0 = Release|Any CPU
	EndGlobalSection
	GlobalSection(SolutionProperties) = preSolution
		HideSolutionNode = FALSE
	EndGlobalSection
	GlobalSection(ExtensibilityGlobals) = postSolution
		SolutionGuid = {8A0B408A-33F4-40DF-88DC-F1E53534763A}
	EndGlobalSection
EndGlobal
